
Microsoft Visual Studio Solution File, Format Version 12.00
# Visual Studio Version 16
VisualStudioVersion = 16.0.30204.135
MinimumVisualStudioVersion = 10.0.40219.1
Project("{FAE04EC0-301F-11D3-BF4B-00C04F79EFBC}") = "WebBootstrap_Dashboard", "WebBootstrap_Dashboard\WebBootstrap_Dashboard.csproj", "{45C58CF0-4BE2-46C3-86EA-00A9985B488D}"
EndProject
Global
	GlobalSection(SolutionConfigurationPlatforms) = preSolution
		Debug|Any CPU = Debug|Any CPU
		Release|Any CPU = Release|Any CPU
	EndGlobalSection
	GlobalSection(ProjectConfigurationPlatforms) = postSolution
		{45C58CF0-4BE2-46C3-86EA-00A9985B488D}.Debug|Any CPU.ActiveCfg = Debug|Any CPU
		{45C58CF0-4BE2-46C3-86EA-00A9985B488D}.Debug|Any CPU.Build.0 = Debug|Any CPU
		{45C58CF0-4BE2-46C3-86EA-00A9985B488D}.Release|Any CPU.ActiveCfg = Release|Any CPU
		{45C58CF0-4BE2-46C3-86EA-00A9985B488D}.Release|Any CPU.Build.0 = Release|Any CPU
	EndGlobalSection
	GlobalSection(SolutionProperties) = preSolution
		HideSolutionNode = FALSE
	EndGlobalSection
	GlobalSection(ExtensibilityGlobals) = postSolution
		SolutionGuid = {6F388D55-FC5B-4647-ABDB-5231200C10BD}
	EndGlobalSection
EndGlobal
